
Microsoft Visual Studio Solution File, Format Version 12.00
# Visual Studio Version 16
VisualStudioVersion = 16.0.31613.86
MinimumVisualStudioVersion = 10.0.40219.1
Project("{9A19103F-16F7-4668-BE54-9A1E7A4F7556}") = "WorldCities", "WorldCities\WorldCities.csproj", "{D856409B-97D3-48FA-A894-31E1740921B9}"
EndProject
Project("{9A19103F-16F7-4668-BE54-9A1E7A4F7556}") = "WorldCities.Tests", "WorldCities.Tests\WorldCities.Tests.csproj", "{F40702F0-7712-4AAB-B589-9BF234516922}"
EndProject
Global
	GlobalSection(SolutionConfigurationPlatforms) = preSolution
		Debug|Any CPU = Debug|Any CPU
		Release|Any CPU = Release|Any CPU
	EndGlobalSection
	GlobalSection(ProjectConfigurationPlatforms) = postSolution
		{D856409B-97D3-48FA-A894-31E1740921B9}.Debug|Any CPU.ActiveCfg = Debug|Any CPU
		{D856409B-97D3-48FA-A894-31E1740921B9}.Debug|Any CPU.Build.0 = Debug|Any CPU
		{D856409B-97D3-48FA-A894-31E1740921B9}.Release|Any CPU.ActiveCfg = Release|Any CPU
		{D856409B-97D3-48FA-A894-31E1740921B9}.Release|Any CPU.Build.0 = Release|Any CPU
		{F40702F0-7712-4AAB-B589-9BF234516922}.Debug|Any CPU.ActiveCfg = Debug|Any CPU
		{F40702F0-7712-4AAB-B589-9BF234516922}.Debug|Any CPU.Build.0 = Debug|Any CPU
		{F40702F0-7712-4AAB-B589-9BF234516922}.Release|Any CPU.ActiveCfg = Release|Any CPU
		{F40702F0-7712-4AAB-B589-9BF234516922}.Release|Any CPU.Build.0 = Release|Any CPU
	EndGlobalSection
	GlobalSection(SolutionProperties) = preSolution
		HideSolutionNode = FALSE
	EndGlobalSection
	GlobalSection(ExtensibilityGlobals) = postSolution
		SolutionGuid = {914A61CD-B30C-4292-A963-C11C9006ADA4}
	EndGlobalSection
EndGlobal
